
Microsoft Visual Studio Solution File, Format Version 12.00
# Visual Studio Version 16
VisualStudioVersion = 16.0.30717.126
MinimumVisualStudioVersion = 10.0.40219.1
Project("{FAE04EC0-301F-11D3-BF4B-00C04F79EFBC}") = "Les boucles", "Les boucles.csproj", "{C202EF70-794E-473E-A185-6EE09C595996}"
EndProject
Global
	GlobalSection(SolutionConfigurationPlatforms) = preSolution
		Debug|Any CPU = Debug|Any CPU
		Release|Any CPU = Release|Any CPU
	EndGlobalSection
	GlobalSection(ProjectConfigurationPlatforms) = postSolution
		{C202EF70-794E-473E-A185-6EE09C595996}.Debug|Any CPU.ActiveCfg = Debug|Any CPU
		{C202EF70-794E-473E-A185-6EE09C595996}.Debug|Any CPU.Build.0 = Debug|Any CPU
		{C202EF70-794E-473E-A185-6EE09C595996}.Release|Any CPU.ActiveCfg = Release|Any CPU
		{C202EF70-794E-473E-A185-6EE09C595996}.Release|Any CPU.Build.0 = Release|Any CPU
	EndGlobalSection
	GlobalSection(SolutionProperties) = preSolution
		HideSolutionNode = FALSE
	EndGlobalSection
	GlobalSection(ExtensibilityGlobals) = postSolution
		SolutionGuid = {C52A8366-4168-447A-9146-C34223CDEC0E}
	EndGlobalSection
EndGlobal
